
Microsoft Visual Studio Solution File, Format Version 12.00
# Visual Studio Version 16
VisualStudioVersion = 16.0.30709.132
MinimumVisualStudioVersion = 10.0.40219.1
Project("{FAE04EC0-301F-11D3-BF4B-00C04F79EFBC}") = "BasicRenderTetris", "BasicRenderTetris\BasicRenderTetris.csproj", "{AC23AB4B-E71E-441A-93CB-9A0B088EAFCF}"
EndProject
Global
	GlobalSection(SolutionConfigurationPlatforms) = preSolution
		Debug|Any CPU = Debug|Any CPU
		Release|Any CPU = Release|Any CPU
	EndGlobalSection
	GlobalSection(ProjectConfigurationPlatforms) = postSolution
		{AC23AB4B-E71E-441A-93CB-9A0B088EAFCF}.Debug|Any CPU.ActiveCfg = Debug|Any CPU
		{AC23AB4B-E71E-441A-93CB-9A0B088EAFCF}.Debug|Any CPU.Build.0 = Debug|Any CPU
		{AC23AB4B-E71E-441A-93CB-9A0B088EAFCF}.Release|Any CPU.ActiveCfg = Release|Any CPU
		{AC23AB4B-E71E-441A-93CB-9A0B088EAFCF}.Release|Any CPU.Build.0 = Release|Any CPU
	EndGlobalSection
	GlobalSection(SolutionProperties) = preSolution
		HideSolutionNode = FALSE
	EndGlobalSection
	GlobalSection(ExtensibilityGlobals) = postSolution
		SolutionGuid = {4B1677B7-D50A-4FAC-8E9E-8EAD84704D6D}
	EndGlobalSection
EndGlobal
